
Microsoft Visual Studio Solution File, Format Version 12.00
# Visual Studio Version 17
VisualStudioVersion = 17.3.32929.385
MinimumVisualStudioVersion = 10.0.40219.1
Project("{FAE04EC0-301F-11D3-BF4B-00C04F79EFBC}") = "ClassLibrary", "ClassLibrary\ClassLibrary.csproj", "{1066B04E-37B7-4262-80B7-E0129127C891}"
EndProject
Global
	GlobalSection(SolutionConfigurationPlatforms) = preSolution
		Debug|Any CPU = Debug|Any CPU
		Release|Any CPU = Release|Any CPU
	EndGlobalSection
	GlobalSection(ProjectConfigurationPlatforms) = postSolution
		{1066B04E-37B7-4262-80B7-E0129127C891}.Debug|Any CPU.ActiveCfg = Debug|Any CPU
		{1066B04E-37B7-4262-80B7-E0129127C891}.Debug|Any CPU.Build.0 = Debug|Any CPU
		{1066B04E-37B7-4262-80B7-E0129127C891}.Release|Any CPU.ActiveCfg = Release|Any CPU
		{1066B04E-37B7-4262-80B7-E0129127C891}.Release|Any CPU.Build.0 = Release|Any CPU
	EndGlobalSection
	GlobalSection(SolutionProperties) = preSolution
		HideSolutionNode = FALSE
	EndGlobalSection
	GlobalSection(ExtensibilityGlobals) = postSolution
		SolutionGuid = {45AD9705-26AE-4629-A8C0-89043B9C0939}
	EndGlobalSection
EndGlobal
