
Microsoft Visual Studio Solution File, Format Version 12.00
# Visual Studio Version 17
VisualStudioVersion = 17.3.32929.385
MinimumVisualStudioVersion = 10.0.40219.1
Project("{FAE04EC0-301F-11D3-BF4B-00C04F79EFBC}") = "ClassLibrary1", "ClassLibrary1.csproj", "{A8201097-67B4-4EE2-9F43-025D9F8F4690}"
EndProject
Global
	GlobalSection(SolutionConfigurationPlatforms) = preSolution
		Debug|Any CPU = Debug|Any CPU
		Release|Any CPU = Release|Any CPU
	EndGlobalSection
	GlobalSection(ProjectConfigurationPlatforms) = postSolution
		{A8201097-67B4-4EE2-9F43-025D9F8F4690}.Debug|Any CPU.ActiveCfg = Debug|Any CPU
		{A8201097-67B4-4EE2-9F43-025D9F8F4690}.Debug|Any CPU.Build.0 = Debug|Any CPU
		{A8201097-67B4-4EE2-9F43-025D9F8F4690}.Release|Any CPU.ActiveCfg = Release|Any CPU
		{A8201097-67B4-4EE2-9F43-025D9F8F4690}.Release|Any CPU.Build.0 = Release|Any CPU
	EndGlobalSection
	GlobalSection(SolutionProperties) = preSolution
		HideSolutionNode = FALSE
	EndGlobalSection
	GlobalSection(ExtensibilityGlobals) = postSolution
		SolutionGuid = {CDEFA6B0-2095-4ED2-B76D-D7312E79B026}
	EndGlobalSection
EndGlobal
